
Microsoft Visual Studio Solution File, Format Version 12.00
# Visual Studio Version 16
VisualStudioVersion = 16.0.31613.86
MinimumVisualStudioVersion = 10.0.40219.1
Project("{9A19103F-16F7-4668-BE54-9A1E7A4F7556}") = "Tasks for my friend", "Tasks for my friend\Tasks for my friend.csproj", "{D2D79D52-17EF-4DCA-AC43-9B6E579AEEB6}"
EndProject
Project("{9A19103F-16F7-4668-BE54-9A1E7A4F7556}") = "ConditionalConstructions", "ConditionalConstructions\ConditionalConstructions.csproj", "{D9DE5916-F3D1-476F-AF89-C735D75A167C}"
EndProject
Project("{9A19103F-16F7-4668-BE54-9A1E7A4F7556}") = "nuggets", "nuggets\nuggets.csproj", "{84CD103A-DDAD-491D-A317-94FF092420DC}"
EndProject
Project("{9A19103F-16F7-4668-BE54-9A1E7A4F7556}") = "Cycle", "Cycle\Cycle.csproj", "{398F9EF4-A1DA-466D-B5E4-C3268E5A6773}"
EndProject
Project("{FAE04EC0-301F-11D3-BF4B-00C04F79EFBC}") = "Methodoverloading", "ConsoleApp1\Methodoverloading.csproj", "{CD5CB11B-787F-45A9-94F1-9675912E3D9A}"
EndProject
Project("{9A19103F-16F7-4668-BE54-9A1E7A4F7556}") = "Array", "Array\Array.csproj", "{350153BB-580B-4252-91A3-1D8B668C4F79}"
EndProject
Project("{9A19103F-16F7-4668-BE54-9A1E7A4F7556}") = "Classes and static stuff", "Classes and static stuff\Classes and static stuff.csproj", "{77A6F1EC-2FE5-4646-AEE6-411F416524CC}"
EndProject
Project("{9A19103F-16F7-4668-BE54-9A1E7A4F7556}") = "SevenWondersOfTheWorld", "SevenWondersOfTheWorld\SevenWondersOfTheWorld.csproj", "{7F9B8106-24F4-4211-A8DE-31C580DE25A9}"
EndProject
Project("{9A19103F-16F7-4668-BE54-9A1E7A4F7556}") = "3Countreis3Capitals", "3Countreis3Capitals\3Countreis3Capitals.csproj", "{4EFCDE7C-B383-42D9-B1C9-EC5F20B08DEA}"
EndProject
Project("{9A19103F-16F7-4668-BE54-9A1E7A4F7556}") = "Class Homework", "Class Homework\Class Homework.csproj", "{D1F46235-2B57-4AAC-A45D-3D0C2B1D049A}"
EndProject
Project("{9A19103F-16F7-4668-BE54-9A1E7A4F7556}") = "Recursion2", "Recursion2\Recursion2.csproj", "{21D7E5BF-BABD-41BF-A991-18CA36A2E1BB}"
EndProject
Project("{9A19103F-16F7-4668-BE54-9A1E7A4F7556}") = "AbstructTasks", "AbstructTasks\AbstructTasks.csproj", "{FFC7A127-0B52-4C9A-8083-64B43D326647}"
EndProject
Global
	GlobalSection(SolutionConfigurationPlatforms) = preSolution
		Debug|Any CPU = Debug|Any CPU
		Release|Any CPU = Release|Any CPU
	EndGlobalSection
	GlobalSection(ProjectConfigurationPlatforms) = postSolution
		{D2D79D52-17EF-4DCA-AC43-9B6E579AEEB6}.Debug|Any CPU.ActiveCfg = Debug|Any CPU
		{D2D79D52-17EF-4DCA-AC43-9B6E579AEEB6}.Debug|Any CPU.Build.0 = Debug|Any CPU
		{D2D79D52-17EF-4DCA-AC43-9B6E579AEEB6}.Release|Any CPU.ActiveCfg = Release|Any CPU
		{D2D79D52-17EF-4DCA-AC43-9B6E579AEEB6}.Release|Any CPU.Build.0 = Release|Any CPU
		{D9DE5916-F3D1-476F-AF89-C735D75A167C}.Debug|Any CPU.ActiveCfg = Debug|Any CPU
		{D9DE5916-F3D1-476F-AF89-C735D75A167C}.Debug|Any CPU.Build.0 = Debug|Any CPU
		{D9DE5916-F3D1-476F-AF89-C735D75A167C}.Release|Any CPU.ActiveCfg = Release|Any CPU
		{D9DE5916-F3D1-476F-AF89-C735D75A167C}.Release|Any CPU.Build.0 = Release|Any CPU
		{84CD103A-DDAD-491D-A317-94FF092420DC}.Debug|Any CPU.ActiveCfg = Debug|Any CPU
		{84CD103A-DDAD-491D-A317-94FF092420DC}.Debug|Any CPU.Build.0 = Debug|Any CPU
		{84CD103A-DDAD-491D-A317-94FF092420DC}.Release|Any CPU.ActiveCfg = Release|Any CPU
		{84CD103A-DDAD-491D-A317-94FF092420DC}.Release|Any CPU.Build.0 = Release|Any CPU
		{398F9EF4-A1DA-466D-B5E4-C3268E5A6773}.Debug|Any CPU.ActiveCfg = Debug|Any CPU
		{398F9EF4-A1DA-466D-B5E4-C3268E5A6773}.Debug|Any CPU.Build.0 = Debug|Any CPU
		{398F9EF4-A1DA-466D-B5E4-C3268E5A6773}.Release|Any CPU.ActiveCfg = Release|Any CPU
		{398F9EF4-A1DA-466D-B5E4-C3268E5A6773}.Release|Any CPU.Build.0 = Release|Any CPU
		{CD5CB11B-787F-45A9-94F1-9675912E3D9A}.Debug|Any CPU.ActiveCfg = Debug|Any CPU
		{CD5CB11B-787F-45A9-94F1-9675912E3D9A}.Debug|Any CPU.Build.0 = Debug|Any CPU
		{CD5CB11B-787F-45A9-94F1-9675912E3D9A}.Release|Any CPU.ActiveCfg = Release|Any CPU
		{CD5CB11B-787F-45A9-94F1-9675912E3D9A}.Release|Any CPU.Build.0 = Release|Any CPU
		{350153BB-580B-4252-91A3-1D8B668C4F79}.Debug|Any CPU.ActiveCfg = Debug|Any CPU
		{350153BB-580B-4252-91A3-1D8B668C4F79}.Debug|Any CPU.Build.0 = Debug|Any CPU
		{350153BB-580B-4252-91A3-1D8B668C4F79}.Release|Any CPU.ActiveCfg = Release|Any CPU
		{350153BB-580B-4252-91A3-1D8B668C4F79}.Release|Any CPU.Build.0 = Release|Any CPU
		{77A6F1EC-2FE5-4646-AEE6-411F416524CC}.Debug|Any CPU.ActiveCfg = Debug|Any CPU
		{77A6F1EC-2FE5-4646-AEE6-411F416524CC}.Debug|Any CPU.Build.0 = Debug|Any CPU
		{77A6F1EC-2FE5-4646-AEE6-411F416524CC}.Release|Any CPU.ActiveCfg = Release|Any CPU
		{77A6F1EC-2FE5-4646-AEE6-411F416524CC}.Release|Any CPU.Build.0 = Release|Any CPU
		{7F9B8106-24F4-4211-A8DE-31C580DE25A9}.Debug|Any CPU.ActiveCfg = Debug|Any CPU
		{7F9B8106-24F4-4211-A8DE-31C580DE25A9}.Debug|Any CPU.Build.0 = Debug|Any CPU
		{7F9B8106-24F4-4211-A8DE-31C580DE25A9}.Release|Any CPU.ActiveCfg = Release|Any CPU
		{7F9B8106-24F4-4211-A8DE-31C580DE25A9}.Release|Any CPU.Build.0 = Release|Any CPU
		{4EFCDE7C-B383-42D9-B1C9-EC5F20B08DEA}.Debug|Any CPU.ActiveCfg = Debug|Any CPU
		{4EFCDE7C-B383-42D9-B1C9-EC5F20B08DEA}.Debug|Any CPU.Build.0 = Debug|Any CPU
		{4EFCDE7C-B383-42D9-B1C9-EC5F20B08DEA}.Release|Any CPU.ActiveCfg = Release|Any CPU
		{4EFCDE7C-B383-42D9-B1C9-EC5F20B08DEA}.Release|Any CPU.Build.0 = Release|Any CPU
		{D1F46235-2B57-4AAC-A45D-3D0C2B1D049A}.Debug|Any CPU.ActiveCfg = Debug|Any CPU
		{D1F46235-2B57-4AAC-A45D-3D0C2B1D049A}.Debug|Any CPU.Build.0 = Debug|Any CPU
		{D1F46235-2B57-4AAC-A45D-3D0C2B1D049A}.Release|Any CPU.ActiveCfg = Release|Any CPU
		{D1F46235-2B57-4AAC-A45D-3D0C2B1D049A}.Release|Any CPU.Build.0 = Release|Any CPU
		{21D7E5BF-BABD-41BF-A991-18CA36A2E1BB}.Debug|Any CPU.ActiveCfg = Debug|Any CPU
		{21D7E5BF-BABD-41BF-A991-18CA36A2E1BB}.Debug|Any CPU.Build.0 = Debug|Any CPU
		{21D7E5BF-BABD-41BF-A991-18CA36A2E1BB}.Release|Any CPU.ActiveCfg = Release|Any CPU
		{21D7E5BF-BABD-41BF-A991-18CA36A2E1BB}.Release|Any CPU.Build.0 = Release|Any CPU
		{FFC7A127-0B52-4C9A-8083-64B43D326647}.Debug|Any CPU.ActiveCfg = Debug|Any CPU
		{FFC7A127-0B52-4C9A-8083-64B43D326647}.Debug|Any CPU.Build.0 = Debug|Any CPU
		{FFC7A127-0B52-4C9A-8083-64B43D326647}.Release|Any CPU.ActiveCfg = Release|Any CPU
		{FFC7A127-0B52-4C9A-8083-64B43D326647}.Release|Any CPU.Build.0 = Release|Any CPU
	EndGlobalSection
	GlobalSection(SolutionProperties) = preSolution
		HideSolutionNode = FALSE
	EndGlobalSection
	GlobalSection(ExtensibilityGlobals) = postSolution
		SolutionGuid = {CA89DF05-1660-4168-B3C5-CCE291C02AE0}
	EndGlobalSection
EndGlobal
