
Microsoft Visual Studio Solution File, Format Version 12.00
# Visual Studio Version 16
VisualStudioVersion = 16.0.31613.86
MinimumVisualStudioVersion = 10.0.40219.1
Project("{FAE04EC0-301F-11D3-BF4B-00C04F79EFBC}") = "Tasks for my friend", "Tasks for my friend\Tasks for my friend.csproj", "{D2D79D52-17EF-4DCA-AC43-9B6E579AEEB6}"
EndProject
<<<<<<< HEAD
Project("{FAE04EC0-301F-11D3-BF4B-00C04F79EFBC}") = "ConditionalConstructions", "ConditionalConstructions\ConditionalConstructions.csproj", "{D9DE5916-F3D1-476F-AF89-C735D75A167C}"
EndProject
=======
>>>>>>> 291b4dd65ac76ac7926b3718ee7c06746d0829a7
Global
	GlobalSection(SolutionConfigurationPlatforms) = preSolution
		Debug|Any CPU = Debug|Any CPU
		Release|Any CPU = Release|Any CPU
	EndGlobalSection
	GlobalSection(ProjectConfigurationPlatforms) = postSolution
		{D2D79D52-17EF-4DCA-AC43-9B6E579AEEB6}.Debug|Any CPU.ActiveCfg = Debug|Any CPU
		{D2D79D52-17EF-4DCA-AC43-9B6E579AEEB6}.Debug|Any CPU.Build.0 = Debug|Any CPU
		{D2D79D52-17EF-4DCA-AC43-9B6E579AEEB6}.Release|Any CPU.ActiveCfg = Release|Any CPU
		{D2D79D52-17EF-4DCA-AC43-9B6E579AEEB6}.Release|Any CPU.Build.0 = Release|Any CPU
<<<<<<< HEAD
		{D9DE5916-F3D1-476F-AF89-C735D75A167C}.Debug|Any CPU.ActiveCfg = Debug|Any CPU
		{D9DE5916-F3D1-476F-AF89-C735D75A167C}.Debug|Any CPU.Build.0 = Debug|Any CPU
		{D9DE5916-F3D1-476F-AF89-C735D75A167C}.Release|Any CPU.ActiveCfg = Release|Any CPU
		{D9DE5916-F3D1-476F-AF89-C735D75A167C}.Release|Any CPU.Build.0 = Release|Any CPU
=======
>>>>>>> 291b4dd65ac76ac7926b3718ee7c06746d0829a7
	EndGlobalSection
	GlobalSection(SolutionProperties) = preSolution
		HideSolutionNode = FALSE
	EndGlobalSection
	GlobalSection(ExtensibilityGlobals) = postSolution
		SolutionGuid = {CA89DF05-1660-4168-B3C5-CCE291C02AE0}
	EndGlobalSection
EndGlobal
